
Microsoft Visual Studio Solution File, Format Version 12.00
Project("{FAE04EC0-301F-11D3-BF4B-00C04F79EFBC}") = "HelloWorld", "HelloWorld\HelloWorld.csproj", "{8C32C209-98D8-483C-A2FA-D29FE4DAAA38}"
EndProject
Global
	GlobalSection(SolutionConfigurationPlatforms) = preSolution
		Debug|Any CPU = Debug|Any CPU
		Release|Any CPU = Release|Any CPU
	EndGlobalSection
	GlobalSection(ProjectConfigurationPlatforms) = postSolution
		{8C32C209-98D8-483C-A2FA-D29FE4DAAA38}.Debug|Any CPU.ActiveCfg = Debug|Any CPU
		{8C32C209-98D8-483C-A2FA-D29FE4DAAA38}.Debug|Any CPU.Build.0 = Debug|Any CPU
		{8C32C209-98D8-483C-A2FA-D29FE4DAAA38}.Release|Any CPU.ActiveCfg = Release|Any CPU
		{8C32C209-98D8-483C-A2FA-D29FE4DAAA38}.Release|Any CPU.Build.0 = Release|Any CPU
	EndGlobalSection
EndGlobal
