
Microsoft Visual Studio Solution File, Format Version 12.00
Project("{FAE04EC0-301F-11D3-BF4B-00C04F79EFBC}") = "ClassLibrary1", "ClassLibrary1\ClassLibrary1.csproj", "{F779B7A0-0C3C-4FD4-B942-91D620387DCC}"
EndProject
Global
	GlobalSection(SolutionConfigurationPlatforms) = preSolution
		Debug|Any CPU = Debug|Any CPU
		Release|Any CPU = Release|Any CPU
	EndGlobalSection
	GlobalSection(ProjectConfigurationPlatforms) = postSolution
		{F779B7A0-0C3C-4FD4-B942-91D620387DCC}.Debug|Any CPU.ActiveCfg = Debug|Any CPU
		{F779B7A0-0C3C-4FD4-B942-91D620387DCC}.Debug|Any CPU.Build.0 = Debug|Any CPU
		{F779B7A0-0C3C-4FD4-B942-91D620387DCC}.Release|Any CPU.ActiveCfg = Release|Any CPU
		{F779B7A0-0C3C-4FD4-B942-91D620387DCC}.Release|Any CPU.Build.0 = Release|Any CPU
	EndGlobalSection
EndGlobal
